
Microsoft Visual Studio Solution File, Format Version 12.00
# Visual Studio 15
Project("{FAE04EC0-301F-11D3-BF4B-00C04F79EFBC}") = "Assembly-CSharp", "Assembly-CSharp.csproj", "{CC678DA1-25C1-A36E-32AE-AB96A267B411}"
EndProject
Project("{FAE04EC0-301F-11D3-BF4B-00C04F79EFBC}") = "Assembly-CSharp", "Assembly-CSharp.Player.csproj", "{60DA61DB-39C9-99F1-D5CE-CC5DB4411CC6}"
EndProject
Global
	GlobalSection(SolutionConfigurationPlatforms) = preSolution
		Debug|Any CPU = Debug|Any CPU
		Release|Any CPU = Release|Any CPU
	EndGlobalSection
	GlobalSection(ProjectConfigurationPlatforms) = postSolution
		{CC678DA1-25C1-A36E-32AE-AB96A267B411}.Debug|Any CPU.ActiveCfg = Debug|Any CPU
		{CC678DA1-25C1-A36E-32AE-AB96A267B411}.Debug|Any CPU.Build.0 = Debug|Any CPU
		{CC678DA1-25C1-A36E-32AE-AB96A267B411}.Release|Any CPU.ActiveCfg = Release|Any CPU
		{CC678DA1-25C1-A36E-32AE-AB96A267B411}.Release|Any CPU.Build.0 = Release|Any CPU
		{60DA61DB-39C9-99F1-D5CE-CC5DB4411CC6}.Debug|Any CPU.ActiveCfg = Debug|Any CPU
		{60DA61DB-39C9-99F1-D5CE-CC5DB4411CC6}.Debug|Any CPU.Build.0 = Debug|Any CPU
		{60DA61DB-39C9-99F1-D5CE-CC5DB4411CC6}.Release|Any CPU.ActiveCfg = Release|Any CPU
		{60DA61DB-39C9-99F1-D5CE-CC5DB4411CC6}.Release|Any CPU.Build.0 = Release|Any CPU
	EndGlobalSection
	GlobalSection(SolutionProperties) = preSolution
		HideSolutionNode = FALSE
	EndGlobalSection
EndGlobal
